
Microsoft Visual Studio Solution File, Format Version 12.00
# Visual Studio 2012
Project("{FAE04EC0-301F-11D3-BF4B-00C04F79EFBC}") = "CSharpCanvas", "CSharpCanvas\CSharpCanvas.csproj", "{B01199F2-E218-4E6F-B53E-79699565EC01}"
EndProject
Project("{FAE04EC0-301F-11D3-BF4B-00C04F79EFBC}") = "CSharpCanvasConsoleTest", "CSharpCanvasConsoleTest\CSharpCanvasConsoleTest.csproj", "{142C1171-A181-484D-8AE1-76E2C79E4C27}"
EndProject
Global
	GlobalSection(SolutionConfigurationPlatforms) = preSolution
		Debug|Any CPU = Debug|Any CPU
		Release|Any CPU = Release|Any CPU
	EndGlobalSection
	GlobalSection(ProjectConfigurationPlatforms) = postSolution
		{B01199F2-E218-4E6F-B53E-79699565EC01}.Debug|Any CPU.ActiveCfg = Debug|Any CPU
		{B01199F2-E218-4E6F-B53E-79699565EC01}.Debug|Any CPU.Build.0 = Debug|Any CPU
		{B01199F2-E218-4E6F-B53E-79699565EC01}.Release|Any CPU.ActiveCfg = Release|Any CPU
		{B01199F2-E218-4E6F-B53E-79699565EC01}.Release|Any CPU.Build.0 = Release|Any CPU
		{142C1171-A181-484D-8AE1-76E2C79E4C27}.Debug|Any CPU.ActiveCfg = Debug|Any CPU
		{142C1171-A181-484D-8AE1-76E2C79E4C27}.Debug|Any CPU.Build.0 = Debug|Any CPU
		{142C1171-A181-484D-8AE1-76E2C79E4C27}.Release|Any CPU.ActiveCfg = Release|Any CPU
		{142C1171-A181-484D-8AE1-76E2C79E4C27}.Release|Any CPU.Build.0 = Release|Any CPU
	EndGlobalSection
	GlobalSection(SolutionProperties) = preSolution
		HideSolutionNode = FALSE
	EndGlobalSection
EndGlobal
